
Microsoft Visual Studio Solution File, Format Version 12.00
# Visual Studio Version 16
VisualStudioVersion = 16.0.30011.22
MinimumVisualStudioVersion = 10.0.40219.1
Project("{FAE04EC0-301F-11D3-BF4B-00C04F79EFBC}") = "MqttNotifier", "MqttNotifier\MqttNotifier.csproj", "{15858098-A703-461A-83FD-63A8D5A5E32F}"
EndProject
Project("{FAE04EC0-301F-11D3-BF4B-00C04F79EFBC}") = "MqttNotifierTest", "MqttNotifierTest\MqttNotifierTest.csproj", "{A94B780F-BC02-4100-AFD6-9F293BF74DE5}"
EndProject
Global
	GlobalSection(SolutionConfigurationPlatforms) = preSolution
		Debug|Any CPU = Debug|Any CPU
		Release|Any CPU = Release|Any CPU
	EndGlobalSection
	GlobalSection(ProjectConfigurationPlatforms) = postSolution
		{15858098-A703-461A-83FD-63A8D5A5E32F}.Debug|Any CPU.ActiveCfg = Debug|Any CPU
		{15858098-A703-461A-83FD-63A8D5A5E32F}.Debug|Any CPU.Build.0 = Debug|Any CPU
		{15858098-A703-461A-83FD-63A8D5A5E32F}.Release|Any CPU.ActiveCfg = Release|Any CPU
		{15858098-A703-461A-83FD-63A8D5A5E32F}.Release|Any CPU.Build.0 = Release|Any CPU
		{A94B780F-BC02-4100-AFD6-9F293BF74DE5}.Debug|Any CPU.ActiveCfg = Debug|Any CPU
		{A94B780F-BC02-4100-AFD6-9F293BF74DE5}.Debug|Any CPU.Build.0 = Debug|Any CPU
		{A94B780F-BC02-4100-AFD6-9F293BF74DE5}.Release|Any CPU.ActiveCfg = Release|Any CPU
		{A94B780F-BC02-4100-AFD6-9F293BF74DE5}.Release|Any CPU.Build.0 = Release|Any CPU
	EndGlobalSection
	GlobalSection(SolutionProperties) = preSolution
		HideSolutionNode = FALSE
	EndGlobalSection
	GlobalSection(ExtensibilityGlobals) = postSolution
		SolutionGuid = {26B1FE66-00FC-4267-AB38-138E4F539C3F}
	EndGlobalSection
EndGlobal
