
Microsoft Visual Studio Solution File, Format Version 12.00
# Visual Studio Version 16
VisualStudioVersion = 16.0.30011.22
MinimumVisualStudioVersion = 10.0.40219.1
Project("{9A19103F-16F7-4668-BE54-9A1E7A4F7556}") = "MqttNotifier", "MqttNotifier\MqttNotifier.csproj", "{801CB5D2-FD01-4EB9-B160-B9C035BDF82C}"
EndProject
Project("{9A19103F-16F7-4668-BE54-9A1E7A4F7556}") = "MqttNotifierTest", "MqttNotifierTest\MqttNotifierTest.csproj", "{DE0B5336-EF73-423F-9F17-1DCF2181B2D2}"
EndProject
Project("{2150E333-8FDC-42A3-9474-1A3956D46DE8}") = "Solution Items", "Solution Items", "{C0FD725E-DBA5-4C2B-9069-BB02AD6C0CC7}"
EndProject
Global
	GlobalSection(SolutionConfigurationPlatforms) = preSolution
		Debug|Any CPU = Debug|Any CPU
		Release|Any CPU = Release|Any CPU
	EndGlobalSection
	GlobalSection(ProjectConfigurationPlatforms) = postSolution
		{801CB5D2-FD01-4EB9-B160-B9C035BDF82C}.Debug|Any CPU.ActiveCfg = Debug|Any CPU
		{801CB5D2-FD01-4EB9-B160-B9C035BDF82C}.Debug|Any CPU.Build.0 = Debug|Any CPU
		{801CB5D2-FD01-4EB9-B160-B9C035BDF82C}.Release|Any CPU.ActiveCfg = Release|Any CPU
		{801CB5D2-FD01-4EB9-B160-B9C035BDF82C}.Release|Any CPU.Build.0 = Release|Any CPU
		{DE0B5336-EF73-423F-9F17-1DCF2181B2D2}.Debug|Any CPU.ActiveCfg = Debug|Any CPU
		{DE0B5336-EF73-423F-9F17-1DCF2181B2D2}.Debug|Any CPU.Build.0 = Debug|Any CPU
		{DE0B5336-EF73-423F-9F17-1DCF2181B2D2}.Release|Any CPU.ActiveCfg = Release|Any CPU
		{DE0B5336-EF73-423F-9F17-1DCF2181B2D2}.Release|Any CPU.Build.0 = Release|Any CPU
	EndGlobalSection
	GlobalSection(SolutionProperties) = preSolution
		HideSolutionNode = FALSE
	EndGlobalSection
	GlobalSection(ExtensibilityGlobals) = postSolution
		SolutionGuid = {044AE8ED-3D49-4526-BBFD-8D9573DF8285}
	EndGlobalSection
EndGlobal
